{
  "name": "nightmare-module",
  "lockfileVersion": 2,
  "requires": true,
  "packages": {
    "": {
      "dependencies": {
        "@laqieer/nightmare-util": "^1.0.2"
      }
    },
    "node_modules/@laqieer/nightmare-util": {
      "version": "1.0.3",
      "resolved": "https://npm.pkg.github.com/download/@laqieer/nightmare-util/1.0.3/cc143f717931695fcab5ae5d28f4d77a2ee52878",
      "integrity": "sha512-moMdrcbVmn4EX81GoH6VTE2Llf0Amp6kvs4brc31MsV3o9ZrFK8yOYpMHJRj6KevqfioukAot96t+fxhvZjmXA==",
      "license": "ISC",
      "dependencies": {
        "@root/walk": "^1.1.0"
      }
    },
    "node_modules/@root/walk": {
      "version": "1.1.0",
      "resolved": "https://registry.npmjs.org/@root/walk/-/walk-1.1.0.tgz",
      "integrity": "sha512-FfXPAta9u2dBuaXhPRawBcijNC9rmKVApmbi6lIZyg36VR/7L02ytxoY5K/14PJlHqiBUoYII73cTlekdKTUOw=="
    }
  },
  "dependencies": {
    "@laqieer/nightmare-util": {
      "version": "1.0.3",
      "resolved": "https://npm.pkg.github.com/download/@laqieer/nightmare-util/1.0.3/cc143f717931695fcab5ae5d28f4d77a2ee52878",
      "integrity": "sha512-moMdrcbVmn4EX81GoH6VTE2Llf0Amp6kvs4brc31MsV3o9ZrFK8yOYpMHJRj6KevqfioukAot96t+fxhvZjmXA==",
      "requires": {
        "@root/walk": "^1.1.0"
      }
    },
    "@root/walk": {
      "version": "1.1.0",
      "resolved": "https://registry.npmjs.org/@root/walk/-/walk-1.1.0.tgz",
      "integrity": "sha512-FfXPAta9u2dBuaXhPRawBcijNC9rmKVApmbi6lIZyg36VR/7L02ytxoY5K/14PJlHqiBUoYII73cTlekdKTUOw=="
    }
  }
}
